// !$*UTF8*$!
{
	archiveVersion = 1;
	classes = {
	};
	objectVersion = 46;
	objects = {

/* Begin PBXBuildFile section */
		451905AF1C95E91100E3F917 /* ADUniversityViewController.m in Sources */ = {isa = PBXBuildFile; fileRef = 451905AE1C95E91100E3F917 /* ADUniversityViewController.m */; };
		451EF01E1C98AD41009265BC /* ADNewStudentViewController.m in Sources */ = {isa = PBXBuildFile; fileRef = 451EF01D1C98AD41009265BC /* ADNewStudentViewController.m */; };
		452C48F01C9356D1000A5BE7 /* ADCourses.m in Sources */ = {isa = PBXBuildFile; fileRef = 452C48E71C9356D1000A5BE7 /* ADCourses.m */; };
		452C48F11C9356D1000A5BE7 /* ADLecturers.m in Sources */ = {isa = PBXBuildFile; fileRef = 452C48E91C9356D1000A5BE7 /* ADLecturers.m */; };
		452C48F21C9356D1000A5BE7 /* ADObject.m in Sources */ = {isa = PBXBuildFile; fileRef = 452C48EB1C9356D1000A5BE7 /* ADObject.m */; };
		452C48F31C9356D1000A5BE7 /* ADStudents.m in Sources */ = {isa = PBXBuildFile; fileRef = 452C48ED1C9356D1000A5BE7 /* ADStudents.m */; };
		452C48F41C9356D1000A5BE7 /* ADUniversities.m in Sources */ = {isa = PBXBuildFile; fileRef = 452C48EF1C9356D1000A5BE7 /* ADUniversities.m */; };
		457BEC821C5E0D0D00B96F5C /* main.m in Sources */ = {isa = PBXBuildFile; fileRef = 457BEC811C5E0D0D00B96F5C /* main.m */; };
		457BEC851C5E0D0D00B96F5C /* ADAppDelegate.m in Sources */ = {isa = PBXBuildFile; fileRef = 457BEC841C5E0D0D00B96F5C /* ADAppDelegate.m */; };
		457BEC881C5E0D0D00B96F5C /* GuruCrafterApp.xcdatamodeld in Sources */ = {isa = PBXBuildFile; fileRef = 457BEC861C5E0D0D00B96F5C /* GuruCrafterApp.xcdatamodeld */; };
		457BEC8E1C5E0D0D00B96F5C /* Main.storyboard in Resources */ = {isa = PBXBuildFile; fileRef = 457BEC8C1C5E0D0D00B96F5C /* Main.storyboard */; };
		457BEC901C5E0D0D00B96F5C /* Images.xcassets in Resources */ = {isa = PBXBuildFile; fileRef = 457BEC8F1C5E0D0D00B96F5C /* Images.xcassets */; };
		457BEC931C5E0D0D00B96F5C /* LaunchScreen.xib in Resources */ = {isa = PBXBuildFile; fileRef = 457BEC911C5E0D0D00B96F5C /* LaunchScreen.xib */; };
		457BEC9F1C5E0D0D00B96F5C /* GuruCrafterAppTests.m in Sources */ = {isa = PBXBuildFile; fileRef = 457BEC9E1C5E0D0D00B96F5C /* GuruCrafterAppTests.m */; };
		457BECAC1C5E1CA000B96F5C /* ADStudentsTableViewController.m in Sources */ = {isa = PBXBuildFile; fileRef = 457BECAB1C5E1CA000B96F5C /* ADStudentsTableViewController.m */; };
		457BECAF1C5E1DA400B96F5C /* ADStartViewController.m in Sources */ = {isa = PBXBuildFile; fileRef = 457BECAE1C5E1DA400B96F5C /* ADStartViewController.m */; };
		45B42F321C5E3A7100344EDB /* ADDataManager.m in Sources */ = {isa = PBXBuildFile; fileRef = 45B42F311C5E3A7100344EDB /* ADDataManager.m */; };
		45E6ABB21C94B53C000B7374 /* CoreDataViewController.m in Sources */ = {isa = PBXBuildFile; fileRef = 45E6ABAF1C94B53C000B7374 /* CoreDataViewController.m */; };
/* End PBXBuildFile section */

/* Begin PBXContainerItemProxy section */
		457BEC991C5E0D0D00B96F5C /* PBXContainerItemProxy */ = {
			isa = PBXContainerItemProxy;
			containerPortal = 457BEC741C5E0D0D00B96F5C /* Project object */;
			proxyType = 1;
			remoteGlobalIDString = 457BEC7B1C5E0D0D00B96F5C;
			remoteInfo = GuruCrafterApp;
		};
/* End PBXContainerItemProxy section */

/* Begin PBXFileReference section */
		451905AD1C95E91100E3F917 /* ADUniversityViewController.h */ = {isa = PBXFileReference; fileEncoding = 4; lastKnownFileType = sourcecode.c.h; path = ADUniversityViewController.h; sourceTree = "<group>"; };
		451905AE1C95E91100E3F917 /* ADUniversityViewController.m */ = {isa = PBXFileReference; fileEncoding = 4; lastKnownFileType = sourcecode.c.objc; path = ADUniversityViewController.m; sourceTree = "<group>"; };
		451EF01C1C98AD41009265BC /* ADNewStudentViewController.h */ = {isa = PBXFileReference; fileEncoding = 4; lastKnownFileType = sourcecode.c.h; path = ADNewStudentViewController.h; sourceTree = "<group>"; };
		451EF01D1C98AD41009265BC /* ADNewStudentViewController.m */ = {isa = PBXFileReference; fileEncoding = 4; lastKnownFileType = sourcecode.c.objc; path = ADNewStudentViewController.m; sourceTree = "<group>"; };
		452C48E61C9356D1000A5BE7 /* ADCourses.h */ = {isa = PBXFileReference; fileEncoding = 4; lastKnownFileType = sourcecode.c.h; name = ADCourses.h; path = GuruCrafterApp/ADCourses.h; sourceTree = "<group>"; };
		452C48E71C9356D1000A5BE7 /* ADCourses.m */ = {isa = PBXFileReference; fileEncoding = 4; lastKnownFileType = sourcecode.c.objc; name = ADCourses.m; path = GuruCrafterApp/ADCourses.m; sourceTree = "<group>"; };
		452C48E81C9356D1000A5BE7 /* ADLecturers.h */ = {isa = PBXFileReference; fileEncoding = 4; lastKnownFileType = sourcecode.c.h; name = ADLecturers.h; path = GuruCrafterApp/ADLecturers.h; sourceTree = "<group>"; };
		452C48E91C9356D1000A5BE7 /* ADLecturers.m */ = {isa = PBXFileReference; fileEncoding = 4; lastKnownFileType = sourcecode.c.objc; name = ADLecturers.m; path = GuruCrafterApp/ADLecturers.m; sourceTree = "<group>"; };
		452C48EA1C9356D1000A5BE7 /* ADObject.h */ = {isa = PBXFileReference; fileEncoding = 4; lastKnownFileType = sourcecode.c.h; name = ADObject.h; path = GuruCrafterApp/ADObject.h; sourceTree = "<group>"; };
		452C48EB1C9356D1000A5BE7 /* ADObject.m */ = {isa = PBXFileReference; fileEncoding = 4; lastKnownFileType = sourcecode.c.objc; name = ADObject.m; path = GuruCrafterApp/ADObject.m; sourceTree = "<group>"; };
		452C48EC1C9356D1000A5BE7 /* ADStudents.h */ = {isa = PBXFileReference; fileEncoding = 4; lastKnownFileType = sourcecode.c.h; name = ADStudents.h; path = GuruCrafterApp/ADStudents.h; sourceTree = "<group>"; };
		452C48ED1C9356D1000A5BE7 /* ADStudents.m */ = {isa = PBXFileReference; fileEncoding = 4; lastKnownFileType = sourcecode.c.objc; name = ADStudents.m; path = GuruCrafterApp/ADStudents.m; sourceTree = "<group>"; };
		452C48EE1C9356D1000A5BE7 /* ADUniversities.h */ = {isa = PBXFileReference; fileEncoding = 4; lastKnownFileType = sourcecode.c.h; name = ADUniversities.h; path = GuruCrafterApp/ADUniversities.h; sourceTree = "<group>"; };
		452C48EF1C9356D1000A5BE7 /* ADUniversities.m */ = {isa = PBXFileReference; fileEncoding = 4; lastKnownFileType = sourcecode.c.objc; name = ADUniversities.m; path = GuruCrafterApp/ADUniversities.m; sourceTree = "<group>"; };
		457BEC7C1C5E0D0D00B96F5C /* GuruCrafterApp.app */ = {isa = PBXFileReference; explicitFileType = wrapper.application; includeInIndex = 0; path = GuruCrafterApp.app; sourceTree = BUILT_PRODUCTS_DIR; };
		457BEC801C5E0D0D00B96F5C /* Info.plist */ = {isa = PBXFileReference; lastKnownFileType = text.plist.xml; path = Info.plist; sourceTree = "<group>"; };
		457BEC811C5E0D0D00B96F5C /* main.m */ = {isa = PBXFileReference; lastKnownFileType = sourcecode.c.objc; path = main.m; sourceTree = "<group>"; };
		457BEC831C5E0D0D00B96F5C /* ADAppDelegate.h */ = {isa = PBXFileReference; lastKnownFileType = sourcecode.c.h; path = ADAppDelegate.h; sourceTree = "<group>"; };
		457BEC841C5E0D0D00B96F5C /* ADAppDelegate.m */ = {isa = PBXFileReference; lastKnownFileType = sourcecode.c.objc; path = ADAppDelegate.m; sourceTree = "<group>"; };
		457BEC871C5E0D0D00B96F5C /* GuruCrafterApp.xcdatamodel */ = {isa = PBXFileReference; lastKnownFileType = wrapper.xcdatamodel; path = GuruCrafterApp.xcdatamodel; sourceTree = "<group>"; };
		457BEC8D1C5E0D0D00B96F5C /* Base */ = {isa = PBXFileReference; lastKnownFileType = file.storyboard; name = Base; path = Base.lproj/Main.storyboard; sourceTree = "<group>"; };
		457BEC8F1C5E0D0D00B96F5C /* Images.xcassets */ = {isa = PBXFileReference; lastKnownFileType = folder.assetcatalog; path = Images.xcassets; sourceTree = "<group>"; };
		457BEC921C5E0D0D00B96F5C /* Base */ = {isa = PBXFileReference; lastKnownFileType = file.xib; name = Base; path = Base.lproj/LaunchScreen.xib; sourceTree = "<group>"; };
		457BEC981C5E0D0D00B96F5C /* GuruCrafterAppTests.xctest */ = {isa = PBXFileReference; explicitFileType = wrapper.cfbundle; includeInIndex = 0; path = GuruCrafterAppTests.xctest; sourceTree = BUILT_PRODUCTS_DIR; };
		457BEC9D1C5E0D0D00B96F5C /* Info.plist */ = {isa = PBXFileReference; lastKnownFileType = text.plist.xml; path = Info.plist; sourceTree = "<group>"; };
		457BEC9E1C5E0D0D00B96F5C /* GuruCrafterAppTests.m */ = {isa = PBXFileReference; lastKnownFileType = sourcecode.c.objc; path = GuruCrafterAppTests.m; sourceTree = "<group>"; };
		457BECAA1C5E1CA000B96F5C /* ADStudentsTableViewController.h */ = {isa = PBXFileReference; fileEncoding = 4; lastKnownFileType = sourcecode.c.h; path = ADStudentsTableViewController.h; sourceTree = "<group>"; };
		457BECAB1C5E1CA000B96F5C /* ADStudentsTableViewController.m */ = {isa = PBXFileReference; fileEncoding = 4; lastKnownFileType = sourcecode.c.objc; path = ADStudentsTableViewController.m; sourceTree = "<group>"; };
		457BECAD1C5E1DA400B96F5C /* ADStartViewController.h */ = {isa = PBXFileReference; fileEncoding = 4; lastKnownFileType = sourcecode.c.h; path = ADStartViewController.h; sourceTree = "<group>"; };
		457BECAE1C5E1DA400B96F5C /* ADStartViewController.m */ = {isa = PBXFileReference; fileEncoding = 4; lastKnownFileType = sourcecode.c.objc; path = ADStartViewController.m; sourceTree = "<group>"; };
		45B42F301C5E3A7100344EDB /* ADDataManager.h */ = {isa = PBXFileReference; fileEncoding = 4; lastKnownFileType = sourcecode.c.h; name = ADDataManager.h; path = GuruCrafterApp/ADDataManager.h; sourceTree = "<group>"; };
		45B42F311C5E3A7100344EDB /* ADDataManager.m */ = {isa = PBXFileReference; fileEncoding = 4; lastKnownFileType = sourcecode.c.objc; name = ADDataManager.m; path = GuruCrafterApp/ADDataManager.m; sourceTree = "<group>"; };
		45E6ABAE1C94B53C000B7374 /* CoreDataViewController.h */ = {isa = PBXFileReference; fileEncoding = 4; lastKnownFileType = sourcecode.c.h; path = CoreDataViewController.h; sourceTree = "<group>"; };
		45E6ABAF1C94B53C000B7374 /* CoreDataViewController.m */ = {isa = PBXFileReference; fileEncoding = 4; lastKnownFileType = sourcecode.c.objc; path = CoreDataViewController.m; sourceTree = "<group>"; };
/* End PBXFileReference section */

/* Begin PBXFrameworksBuildPhase section */
		457BEC791C5E0D0D00B96F5C /* Frameworks */ = {
			isa = PBXFrameworksBuildPhase;
			buildActionMask = 2147483647;
			files = (
			);
			runOnlyForDeploymentPostprocessing = 0;
		};
		457BEC951C5E0D0D00B96F5C /* Frameworks */ = {
			isa = PBXFrameworksBuildPhase;
			buildActionMask = 2147483647;
			files = (
			);
			runOnlyForDeploymentPostprocessing = 0;
		};
/* End PBXFrameworksBuildPhase section */

/* Begin PBXGroup section */
		4512A5BA1C6BA5AE0032DD56 /* Models */ = {
			isa = PBXGroup;
			children = (
				452C48E61C9356D1000A5BE7 /* ADCourses.h */,
				452C48E71C9356D1000A5BE7 /* ADCourses.m */,
				452C48E81C9356D1000A5BE7 /* ADLecturers.h */,
				452C48E91C9356D1000A5BE7 /* ADLecturers.m */,
				452C48EA1C9356D1000A5BE7 /* ADObject.h */,
				452C48EB1C9356D1000A5BE7 /* ADObject.m */,
				452C48EC1C9356D1000A5BE7 /* ADStudents.h */,
				452C48ED1C9356D1000A5BE7 /* ADStudents.m */,
				452C48EE1C9356D1000A5BE7 /* ADUniversities.h */,
				452C48EF1C9356D1000A5BE7 /* ADUniversities.m */,
			);
			name = Models;
			path = ..;
			sourceTree = "<group>";
		};
		457BEC731C5E0D0D00B96F5C = {
			isa = PBXGroup;
			children = (
				457BEC7E1C5E0D0D00B96F5C /* GuruCrafterApp */,
				457BEC9B1C5E0D0D00B96F5C /* GuruCrafterAppTests */,
				457BEC7D1C5E0D0D00B96F5C /* Products */,
			);
			sourceTree = "<group>";
		};
		457BEC7D1C5E0D0D00B96F5C /* Products */ = {
			isa = PBXGroup;
			children = (
				457BEC7C1C5E0D0D00B96F5C /* GuruCrafterApp.app */,
				457BEC981C5E0D0D00B96F5C /* GuruCrafterAppTests.xctest */,
			);
			name = Products;
			sourceTree = "<group>";
		};
		457BEC7E1C5E0D0D00B96F5C /* GuruCrafterApp */ = {
			isa = PBXGroup;
			children = (
				457BECA91C5E193B00B96F5C /* App Delegate */,
				4512A5BA1C6BA5AE0032DD56 /* Models */,
				457BECA81C5E191100B96F5C /* Controllers */,
				45B42F331C5E3A7500344EDB /* Data Singletone */,
				457BEC861C5E0D0D00B96F5C /* GuruCrafterApp.xcdatamodeld */,
				457BEC8C1C5E0D0D00B96F5C /* Main.storyboard */,
				457BEC7F1C5E0D0D00B96F5C /* Supporting Files */,
			);
			path = GuruCrafterApp;
			sourceTree = "<group>";
		};
		457BEC7F1C5E0D0D00B96F5C /* Supporting Files */ = {
			isa = PBXGroup;
			children = (
				457BEC8F1C5E0D0D00B96F5C /* Images.xcassets */,
				457BEC911C5E0D0D00B96F5C /* LaunchScreen.xib */,
				457BEC801C5E0D0D00B96F5C /* Info.plist */,
				457BEC811C5E0D0D00B96F5C /* main.m */,
			);
			name = "Supporting Files";
			sourceTree = "<group>";
		};
		457BEC9B1C5E0D0D00B96F5C /* GuruCrafterAppTests */ = {
			isa = PBXGroup;
			children = (
				457BEC9E1C5E0D0D00B96F5C /* GuruCrafterAppTests.m */,
				457BEC9C1C5E0D0D00B96F5C /* Supporting Files */,
			);
			path = GuruCrafterAppTests;
			sourceTree = "<group>";
		};
		457BEC9C1C5E0D0D00B96F5C /* Supporting Files */ = {
			isa = PBXGroup;
			children = (
				457BEC9D1C5E0D0D00B96F5C /* Info.plist */,
			);
			name = "Supporting Files";
			sourceTree = "<group>";
		};
		457BECA81C5E191100B96F5C /* Controllers */ = {
			isa = PBXGroup;
			children = (
				457BECAD1C5E1DA400B96F5C /* ADStartViewController.h */,
				457BECAE1C5E1DA400B96F5C /* ADStartViewController.m */,
				451905AD1C95E91100E3F917 /* ADUniversityViewController.h */,
				451905AE1C95E91100E3F917 /* ADUniversityViewController.m */,
				457BECAA1C5E1CA000B96F5C /* ADStudentsTableViewController.h */,
				457BECAB1C5E1CA000B96F5C /* ADStudentsTableViewController.m */,
				451EF01C1C98AD41009265BC /* ADNewStudentViewController.h */,
				451EF01D1C98AD41009265BC /* ADNewStudentViewController.m */,
				45E6ABAE1C94B53C000B7374 /* CoreDataViewController.h */,
				45E6ABAF1C94B53C000B7374 /* CoreDataViewController.m */,
			);
			name = Controllers;
			sourceTree = "<group>";
		};
		457BECA91C5E193B00B96F5C /* App Delegate */ = {
			isa = PBXGroup;
			children = (
				457BEC831C5E0D0D00B96F5C /* ADAppDelegate.h */,
				457BEC841C5E0D0D00B96F5C /* ADAppDelegate.m */,
			);
			name = "App Delegate";
			sourceTree = "<group>";
		};
		45B42F331C5E3A7500344EDB /* Data Singletone */ = {
			isa = PBXGroup;
			children = (
				45B42F301C5E3A7100344EDB /* ADDataManager.h */,
				45B42F311C5E3A7100344EDB /* ADDataManager.m */,
			);
			name = "Data Singletone";
			path = ..;
			sourceTree = "<group>";
		};
/* End PBXGroup section */

/* Begin PBXNativeTarget section */
		457BEC7B1C5E0D0D00B96F5C /* GuruCrafterApp */ = {
			isa = PBXNativeTarget;
			buildConfigurationList = 457BECA21C5E0D0D00B96F5C /* Build configuration list for PBXNativeTarget "GuruCrafterApp" */;
			buildPhases = (
				457BEC781C5E0D0D00B96F5C /* Sources */,
				457BEC791C5E0D0D00B96F5C /* Frameworks */,
				457BEC7A1C5E0D0D00B96F5C /* Resources */,
			);
			buildRules = (
			);
			dependencies = (
			);
			name = GuruCrafterApp;
			productName = GuruCrafterApp;
			productReference = 457BEC7C1C5E0D0D00B96F5C /* GuruCrafterApp.app */;
			productType = "com.apple.product-type.application";
		};
		457BEC971C5E0D0D00B96F5C /* GuruCrafterAppTests */ = {
			isa = PBXNativeTarget;
			buildConfigurationList = 457BECA51C5E0D0D00B96F5C /* Build configuration list for PBXNativeTarget "GuruCrafterAppTests" */;
			buildPhases = (
				457BEC941C5E0D0D00B96F5C /* Sources */,
				457BEC951C5E0D0D00B96F5C /* Frameworks */,
				457BEC961C5E0D0D00B96F5C /* Resources */,
			);
			buildRules = (
			);
			dependencies = (
				457BEC9A1C5E0D0D00B96F5C /* PBXTargetDependency */,
			);
			name = GuruCrafterAppTests;
			productName = GuruCrafterAppTests;
			productReference = 457BEC981C5E0D0D00B96F5C /* GuruCrafterAppTests.xctest */;
			productType = "com.apple.product-type.bundle.unit-test";
		};
/* End PBXNativeTarget section */

/* Begin PBXProject section */
		457BEC741C5E0D0D00B96F5C /* Project object */ = {
			isa = PBXProject;
			attributes = {
				LastUpgradeCheck = 0640;
				ORGANIZATIONNAME = "Artyom Alexeev";
				TargetAttributes = {
					457BEC7B1C5E0D0D00B96F5C = {
						CreatedOnToolsVersion = 6.4;
					};
					457BEC971C5E0D0D00B96F5C = {
						CreatedOnToolsVersion = 6.4;
						TestTargetID = 457BEC7B1C5E0D0D00B96F5C;
					};
				};
			};
			buildConfigurationList = 457BEC771C5E0D0D00B96F5C /* Build configuration list for PBXProject "GuruCrafterApp" */;
			compatibilityVersion = "Xcode 3.2";
			developmentRegion = English;
			hasScannedForEncodings = 0;
			knownRegions = (
				en,
				Base,
			);
			mainGroup = 457BEC731C5E0D0D00B96F5C;
			productRefGroup = 457BEC7D1C5E0D0D00B96F5C /* Products */;
			projectDirPath = "";
			projectRoot = "";
			targets = (
				457BEC7B1C5E0D0D00B96F5C /* GuruCrafterApp */,
				457BEC971C5E0D0D00B96F5C /* GuruCrafterAppTests */,
			);
		};
/* End PBXProject section */

/* Begin PBXResourcesBuildPhase section */
		457BEC7A1C5E0D0D00B96F5C /* Resources */ = {
			isa = PBXResourcesBuildPhase;
			buildActionMask = 2147483647;
			files = (
				457BEC8E1C5E0D0D00B96F5C /* Main.storyboard in Resources */,
				457BEC931C5E0D0D00B96F5C /* LaunchScreen.xib in Resources */,
				457BEC901C5E0D0D00B96F5C /* Images.xcassets in Resources */,
			);
			runOnlyForDeploymentPostprocessing = 0;
		};
		457BEC961C5E0D0D00B96F5C /* Resources */ = {
			isa = PBXResourcesBuildPhase;
			buildActionMask = 2147483647;
			files = (
			);
			runOnlyForDeploymentPostprocessing = 0;
		};
/* End PBXResourcesBuildPhase section */

/* Begin PBXSourcesBuildPhase section */
		457BEC781C5E0D0D00B96F5C /* Sources */ = {
			isa = PBXSourcesBuildPhase;
			buildActionMask = 2147483647;
			files = (
				451905AF1C95E91100E3F917 /* ADUniversityViewController.m in Sources */,
				452C48F31C9356D1000A5BE7 /* ADStudents.m in Sources */,
				457BECAC1C5E1CA000B96F5C /* ADStudentsTableViewController.m in Sources */,
				457BEC851C5E0D0D00B96F5C /* ADAppDelegate.m in Sources */,
				452C48F21C9356D1000A5BE7 /* ADObject.m in Sources */,
				452C48F41C9356D1000A5BE7 /* ADUniversities.m in Sources */,
				457BEC821C5E0D0D00B96F5C /* main.m in Sources */,
				452C48F01C9356D1000A5BE7 /* ADCourses.m in Sources */,
				457BEC881C5E0D0D00B96F5C /* GuruCrafterApp.xcdatamodeld in Sources */,
				45B42F321C5E3A7100344EDB /* ADDataManager.m in Sources */,
				452C48F11C9356D1000A5BE7 /* ADLecturers.m in Sources */,
				457BECAF1C5E1DA400B96F5C /* ADStartViewController.m in Sources */,
				451EF01E1C98AD41009265BC /* ADNewStudentViewController.m in Sources */,
				45E6ABB21C94B53C000B7374 /* CoreDataViewController.m in Sources */,
			);
			runOnlyForDeploymentPostprocessing = 0;
		};
		457BEC941C5E0D0D00B96F5C /* Sources */ = {
			isa = PBXSourcesBuildPhase;
			buildActionMask = 2147483647;
			files = (
				457BEC9F1C5E0D0D00B96F5C /* GuruCrafterAppTests.m in Sources */,
			);
			runOnlyForDeploymentPostprocessing = 0;
		};
/* End PBXSourcesBuildPhase section */

/* Begin PBXTargetDependency section */
		457BEC9A1C5E0D0D00B96F5C /* PBXTargetDependency */ = {
			isa = PBXTargetDependency;
			target = 457BEC7B1C5E0D0D00B96F5C /* GuruCrafterApp */;
			targetProxy = 457BEC991C5E0D0D00B96F5C /* PBXContainerItemProxy */;
		};
/* End PBXTargetDependency section */

/* Begin PBXVariantGroup section */
		457BEC8C1C5E0D0D00B96F5C /* Main.storyboard */ = {
			isa = PBXVariantGroup;
			children = (
				457BEC8D1C5E0D0D00B96F5C /* Base */,
			);
			name = Main.storyboard;
			sourceTree = "<group>";
		};
		457BEC911C5E0D0D00B96F5C /* LaunchScreen.xib */ = {
			isa = PBXVariantGroup;
			children = (
				457BEC921C5E0D0D00B96F5C /* Base */,
			);
			name = LaunchScreen.xib;
			sourceTree = "<group>";
		};
/* End PBXVariantGroup section */

/* Begin XCBuildConfiguration section */
		457BECA01C5E0D0D00B96F5C /* Debug */ = {
			isa = XCBuildConfiguration;
			buildSettings = {
				ALWAYS_SEARCH_USER_PATHS = NO;
				CLANG_CXX_LANGUAGE_STANDARD = "gnu++0x";
				CLANG_CXX_LIBRARY = "libc++";
				CLANG_ENABLE_MODULES = YES;
				CLANG_ENABLE_OBJC_ARC = YES;
				CLANG_WARN_BOOL_CONVERSION = YES;
				CLANG_WARN_CONSTANT_CONVERSION = YES;
				CLANG_WARN_DIRECT_OBJC_ISA_USAGE = YES_ERROR;
				CLANG_WARN_EMPTY_BODY = YES;
				CLANG_WARN_ENUM_CONVERSION = YES;
				CLANG_WARN_INT_CONVERSION = YES;
				CLANG_WARN_OBJC_ROOT_CLASS = YES_ERROR;
				CLANG_WARN_UNREACHABLE_CODE = YES;
				CLANG_WARN__DUPLICATE_METHOD_MATCH = YES;
				"CODE_SIGN_IDENTITY[sdk=iphoneos*]" = "iPhone Developer";
				COPY_PHASE_STRIP = NO;
				DEBUG_INFORMATION_FORMAT = "dwarf-with-dsym";
				ENABLE_STRICT_OBJC_MSGSEND = YES;
				GCC_C_LANGUAGE_STANDARD = gnu99;
				GCC_DYNAMIC_NO_PIC = NO;
				GCC_NO_COMMON_BLOCKS = YES;
				GCC_OPTIMIZATION_LEVEL = 0;
				GCC_PREPROCESSOR_DEFINITIONS = (
					"DEBUG=1",
					"$(inherited)",
				);
				GCC_SYMBOLS_PRIVATE_EXTERN = NO;
				GCC_WARN_64_TO_32_BIT_CONVERSION = YES;
				GCC_WARN_ABOUT_RETURN_TYPE = YES_ERROR;
				GCC_WARN_UNDECLARED_SELECTOR = YES;
				GCC_WARN_UNINITIALIZED_AUTOS = YES_AGGRESSIVE;
				GCC_WARN_UNUSED_FUNCTION = YES;
				GCC_WARN_UNUSED_VARIABLE = YES;
				IPHONEOS_DEPLOYMENT_TARGET = 8.4;
				MTL_ENABLE_DEBUG_INFO = YES;
				ONLY_ACTIVE_ARCH = YES;
				SDKROOT = iphoneos;
			};
			name = Debug;
		};
		457BECA11C5E0D0D00B96F5C /* Release */ = {
			isa = XCBuildConfiguration;
			buildSettings = {
				ALWAYS_SEARCH_USER_PATHS = NO;
				CLANG_CXX_LANGUAGE_STANDARD = "gnu++0x";
				CLANG_CXX_LIBRARY = "libc++";
				CLANG_ENABLE_MODULES = YES;
				CLANG_ENABLE_OBJC_ARC = YES;
				CLANG_WARN_BOOL_CONVERSION = YES;
				CLANG_WARN_CONSTANT_CONVERSION = YES;
				CLANG_WARN_DIRECT_OBJC_ISA_USAGE = YES_ERROR;
				CLANG_WARN_EMPTY_BODY = YES;
				CLANG_WARN_ENUM_CONVERSION = YES;
				CLANG_WARN_INT_CONVERSION = YES;
				CLANG_WARN_OBJC_ROOT_CLASS = YES_ERROR;
				CLANG_WARN_UNREACHABLE_CODE = YES;
				CLANG_WARN__DUPLICATE_METHOD_MATCH = YES;
				"CODE_SIGN_IDENTITY[sdk=iphoneos*]" = "iPhone Developer";
				COPY_PHASE_STRIP = NO;
				DEBUG_INFORMATION_FORMAT = "dwarf-with-dsym";
				ENABLE_NS_ASSERTIONS = NO;
				ENABLE_STRICT_OBJC_MSGSEND = YES;
				GCC_C_LANGUAGE_STANDARD = gnu99;
				GCC_NO_COMMON_BLOCKS = YES;
				GCC_WARN_64_TO_32_BIT_CONVERSION = YES;
				GCC_WARN_ABOUT_RETURN_TYPE = YES_ERROR;
				GCC_WARN_UNDECLARED_SELECTOR = YES;
				GCC_WARN_UNINITIALIZED_AUTOS = YES_AGGRESSIVE;
				GCC_WARN_UNUSED_FUNCTION = YES;
				GCC_WARN_UNUSED_VARIABLE = YES;
				IPHONEOS_DEPLOYMENT_TARGET = 8.4;
				MTL_ENABLE_DEBUG_INFO = NO;
				SDKROOT = iphoneos;
				VALIDATE_PRODUCT = YES;
			};
			name = Release;
		};
		457BECA31C5E0D0D00B96F5C /* Debug */ = {
			isa = XCBuildConfiguration;
			buildSettings = {
				ASSETCATALOG_COMPILER_APPICON_NAME = AppIcon;
				INFOPLIST_FILE = GuruCrafterApp/Info.plist;
				LD_RUNPATH_SEARCH_PATHS = "$(inherited) @executable_path/Frameworks";
				PRODUCT_NAME = "$(TARGET_NAME)";
			};
			name = Debug;
		};
		457BECA41C5E0D0D00B96F5C /* Release */ = {
			isa = XCBuildConfiguration;
			buildSettings = {
				ASSETCATALOG_COMPILER_APPICON_NAME = AppIcon;
				INFOPLIST_FILE = GuruCrafterApp/Info.plist;
				LD_RUNPATH_SEARCH_PATHS = "$(inherited) @executable_path/Frameworks";
				PRODUCT_NAME = "$(TARGET_NAME)";
			};
			name = Release;
		};
		457BECA61C5E0D0D00B96F5C /* Debug */ = {
			isa = XCBuildConfiguration;
			buildSettings = {
				BUNDLE_LOADER = "$(TEST_HOST)";
				FRAMEWORK_SEARCH_PATHS = (
					"$(SDKROOT)/Developer/Library/Frameworks",
					"$(inherited)",
				);
				GCC_PREPROCESSOR_DEFINITIONS = (
					"DEBUG=1",
					"$(inherited)",
				);
				INFOPLIST_FILE = GuruCrafterAppTests/Info.plist;
				LD_RUNPATH_SEARCH_PATHS = "$(inherited) @executable_path/Frameworks @loader_path/Frameworks";
				PRODUCT_NAME = "$(TARGET_NAME)";
				TEST_HOST = "$(BUILT_PRODUCTS_DIR)/GuruCrafterApp.app/GuruCrafterApp";
			};
			name = Debug;
		};
		457BECA71C5E0D0D00B96F5C /* Release */ = {
			isa = XCBuildConfiguration;
			buildSettings = {
				BUNDLE_LOADER = "$(TEST_HOST)";
				FRAMEWORK_SEARCH_PATHS = (
					"$(SDKROOT)/Developer/Library/Frameworks",
					"$(inherited)",
				);
				INFOPLIST_FILE = GuruCrafterAppTests/Info.plist;
				LD_RUNPATH_SEARCH_PATHS = "$(inherited) @executable_path/Frameworks @loader_path/Frameworks";
				PRODUCT_NAME = "$(TARGET_NAME)";
				TEST_HOST = "$(BUILT_PRODUCTS_DIR)/GuruCrafterApp.app/GuruCrafterApp";
			};
			name = Release;
		};
/* End XCBuildConfiguration section */

/* Begin XCConfigurationList section */
		457BEC771C5E0D0D00B96F5C /* Build configuration list for PBXProject "GuruCrafterApp" */ = {
			isa = XCConfigurationList;
			buildConfigurations = (
				457BECA01C5E0D0D00B96F5C /* Debug */,
				457BECA11C5E0D0D00B96F5C /* Release */,
			);
			defaultConfigurationIsVisible = 0;
			defaultConfigurationName = Release;
		};
		457BECA21C5E0D0D00B96F5C /* Build configuration list for PBXNativeTarget "GuruCrafterApp" */ = {
			isa = XCConfigurationList;
			buildConfigurations = (
				457BECA31C5E0D0D00B96F5C /* Debug */,
				457BECA41C5E0D0D00B96F5C /* Release */,
			);
			defaultConfigurationIsVisible = 0;
			defaultConfigurationName = Release;
		};
		457BECA51C5E0D0D00B96F5C /* Build configuration list for PBXNativeTarget "GuruCrafterAppTests" */ = {
			isa = XCConfigurationList;
			buildConfigurations = (
				457BECA61C5E0D0D00B96F5C /* Debug */,
				457BECA71C5E0D0D00B96F5C /* Release */,
			);
			defaultConfigurationIsVisible = 0;
			defaultConfigurationName = Release;
		};
/* End XCConfigurationList section */

/* Begin XCVersionGroup section */
		457BEC861C5E0D0D00B96F5C /* GuruCrafterApp.xcdatamodeld */ = {
			isa = XCVersionGroup;
			children = (
				457BEC871C5E0D0D00B96F5C /* GuruCrafterApp.xcdatamodel */,
			);
			currentVersion = 457BEC871C5E0D0D00B96F5C /* GuruCrafterApp.xcdatamodel */;
			path = GuruCrafterApp.xcdatamodeld;
			sourceTree = "<group>";
			versionGroupType = wrapper.xcdatamodel;
		};
/* End XCVersionGroup section */
	};
	rootObject = 457BEC741C5E0D0D00B96F5C /* Project object */;
}
