// !$*UTF8*$!
{
	archiveVersion = 1;
	classes = {
	};
	objectVersion = 46;
	objects = {

/* Begin PBXBuildFile section */
		457BEC821C5E0D0D00B96F5C /* main.m in Sources */ = {isa = PBXBuildFile; fileRef = 457BEC811C5E0D0D00B96F5C /* main.m */; };
		457BEC851C5E0D0D00B96F5C /* ADAppDelegate.m in Sources */ = {isa = PBXBuildFile; fileRef = 457BEC841C5E0D0D00B96F5C /* ADAppDelegate.m */; };
		457BEC881C5E0D0D00B96F5C /* GuruCrafterApp.xcdatamodeld in Sources */ = {isa = PBXBuildFile; fileRef = 457BEC861C5E0D0D00B96F5C /* GuruCrafterApp.xcdatamodeld */; };
		457BEC8B1C5E0D0D00B96F5C /* ADViewController.m in Sources */ = {isa = PBXBuildFile; fileRef = 457BEC8A1C5E0D0D00B96F5C /* ADViewController.m */; };
		457BEC8E1C5E0D0D00B96F5C /* Main.storyboard in Resources */ = {isa = PBXBuildFile; fileRef = 457BEC8C1C5E0D0D00B96F5C /* Main.storyboard */; };
		457BEC901C5E0D0D00B96F5C /* Images.xcassets in Resources */ = {isa = PBXBuildFile; fileRef = 457BEC8F1C5E0D0D00B96F5C /* Images.xcassets */; };
		457BEC931C5E0D0D00B96F5C /* LaunchScreen.xib in Resources */ = {isa = PBXBuildFile; fileRef = 457BEC911C5E0D0D00B96F5C /* LaunchScreen.xib */; };
		457BEC9F1C5E0D0D00B96F5C /* GuruCrafterAppTests.m in Sources */ = {isa = PBXBuildFile; fileRef = 457BEC9E1C5E0D0D00B96F5C /* GuruCrafterAppTests.m */; };
/* End PBXBuildFile section */

/* Begin PBXContainerItemProxy section */
		457BEC991C5E0D0D00B96F5C /* PBXContainerItemProxy */ = {
			isa = PBXContainerItemProxy;
			containerPortal = 457BEC741C5E0D0D00B96F5C /* Project object */;
			proxyType = 1;
			remoteGlobalIDString = 457BEC7B1C5E0D0D00B96F5C;
			remoteInfo = GuruCrafterApp;
		};
/* End PBXContainerItemProxy section */

/* Begin PBXFileReference section */
		457BEC7C1C5E0D0D00B96F5C /* GuruCrafterApp.app */ = {isa = PBXFileReference; explicitFileType = wrapper.application; includeInIndex = 0; path = GuruCrafterApp.app; sourceTree = BUILT_PRODUCTS_DIR; };
		457BEC801C5E0D0D00B96F5C /* Info.plist */ = {isa = PBXFileReference; lastKnownFileType = text.plist.xml; path = Info.plist; sourceTree = "<group>"; };
		457BEC811C5E0D0D00B96F5C /* main.m */ = {isa = PBXFileReference; lastKnownFileType = sourcecode.c.objc; path = main.m; sourceTree = "<group>"; };
		457BEC831C5E0D0D00B96F5C /* ADAppDelegate.h */ = {isa = PBXFileReference; lastKnownFileType = sourcecode.c.h; path = ADAppDelegate.h; sourceTree = "<group>"; };
		457BEC841C5E0D0D00B96F5C /* ADAppDelegate.m */ = {isa = PBXFileReference; lastKnownFileType = sourcecode.c.objc; path = ADAppDelegate.m; sourceTree = "<group>"; };
		457BEC871C5E0D0D00B96F5C /* GuruCrafterApp.xcdatamodel */ = {isa = PBXFileReference; lastKnownFileType = wrapper.xcdatamodel; path = GuruCrafterApp.xcdatamodel; sourceTree = "<group>"; };
		457BEC891C5E0D0D00B96F5C /* ADViewController.h */ = {isa = PBXFileReference; lastKnownFileType = sourcecode.c.h; path = ADViewController.h; sourceTree = "<group>"; };
		457BEC8A1C5E0D0D00B96F5C /* ADViewController.m */ = {isa = PBXFileReference; lastKnownFileType = sourcecode.c.objc; path = ADViewController.m; sourceTree = "<group>"; };
		457BEC8D1C5E0D0D00B96F5C /* Base */ = {isa = PBXFileReference; lastKnownFileType = file.storyboard; name = Base; path = Base.lproj/Main.storyboard; sourceTree = "<group>"; };
		457BEC8F1C5E0D0D00B96F5C /* Images.xcassets */ = {isa = PBXFileReference; lastKnownFileType = folder.assetcatalog; path = Images.xcassets; sourceTree = "<group>"; };
		457BEC921C5E0D0D00B96F5C /* Base */ = {isa = PBXFileReference; lastKnownFileType = file.xib; name = Base; path = Base.lproj/LaunchScreen.xib; sourceTree = "<group>"; };
		457BEC981C5E0D0D00B96F5C /* GuruCrafterAppTests.xctest */ = {isa = PBXFileReference; explicitFileType = wrapper.cfbundle; includeInIndex = 0; path = GuruCrafterAppTests.xctest; sourceTree = BUILT_PRODUCTS_DIR; };
		457BEC9D1C5E0D0D00B96F5C /* Info.plist */ = {isa = PBXFileReference; lastKnownFileType = text.plist.xml; path = Info.plist; sourceTree = "<group>"; };
		457BEC9E1C5E0D0D00B96F5C /* GuruCrafterAppTests.m */ = {isa = PBXFileReference; lastKnownFileType = sourcecode.c.objc; path = GuruCrafterAppTests.m; sourceTree = "<group>"; };
/* End PBXFileReference section */

/* Begin PBXFrameworksBuildPhase section */
		457BEC791C5E0D0D00B96F5C /* Frameworks */ = {
			isa = PBXFrameworksBuildPhase;
			buildActionMask = 2147483647;
			files = (
			);
			runOnlyForDeploymentPostprocessing = 0;
		};
		457BEC951C5E0D0D00B96F5C /* Frameworks */ = {
			isa = PBXFrameworksBuildPhase;
			buildActionMask = 2147483647;
			files = (
			);
			runOnlyForDeploymentPostprocessing = 0;
		};
/* End PBXFrameworksBuildPhase section */

/* Begin PBXGroup section */
		457BEC731C5E0D0D00B96F5C = {
			isa = PBXGroup;
			children = (
				457BEC7E1C5E0D0D00B96F5C /* GuruCrafterApp */,
				457BEC9B1C5E0D0D00B96F5C /* GuruCrafterAppTests */,
				457BEC7D1C5E0D0D00B96F5C /* Products */,
			);
			sourceTree = "<group>";
		};
		457BEC7D1C5E0D0D00B96F5C /* Products */ = {
			isa = PBXGroup;
			children = (
				457BEC7C1C5E0D0D00B96F5C /* GuruCrafterApp.app */,
				457BEC981C5E0D0D00B96F5C /* GuruCrafterAppTests.xctest */,
			);
			name = Products;
			sourceTree = "<group>";
		};
		457BEC7E1C5E0D0D00B96F5C /* GuruCrafterApp */ = {
			isa = PBXGroup;
			children = (
				457BEC831C5E0D0D00B96F5C /* ADAppDelegate.h */,
				457BEC841C5E0D0D00B96F5C /* ADAppDelegate.m */,
				457BEC891C5E0D0D00B96F5C /* ADViewController.h */,
				457BEC8A1C5E0D0D00B96F5C /* ADViewController.m */,
				457BEC8C1C5E0D0D00B96F5C /* Main.storyboard */,
				457BEC8F1C5E0D0D00B96F5C /* Images.xcassets */,
				457BEC911C5E0D0D00B96F5C /* LaunchScreen.xib */,
				457BEC861C5E0D0D00B96F5C /* GuruCrafterApp.xcdatamodeld */,
				457BEC7F1C5E0D0D00B96F5C /* Supporting Files */,
			);
			path = GuruCrafterApp;
			sourceTree = "<group>";
		};
		457BEC7F1C5E0D0D00B96F5C /* Supporting Files */ = {
			isa = PBXGroup;
			children = (
				457BEC801C5E0D0D00B96F5C /* Info.plist */,
				457BEC811C5E0D0D00B96F5C /* main.m */,
			);
			name = "Supporting Files";
			sourceTree = "<group>";
		};
		457BEC9B1C5E0D0D00B96F5C /* GuruCrafterAppTests */ = {
			isa = PBXGroup;
			children = (
				457BEC9E1C5E0D0D00B96F5C /* GuruCrafterAppTests.m */,
				457BEC9C1C5E0D0D00B96F5C /* Supporting Files */,
			);
			path = GuruCrafterAppTests;
			sourceTree = "<group>";
		};
		457BEC9C1C5E0D0D00B96F5C /* Supporting Files */ = {
			isa = PBXGroup;
			children = (
				457BEC9D1C5E0D0D00B96F5C /* Info.plist */,
			);
			name = "Supporting Files";
			sourceTree = "<group>";
		};
/* End PBXGroup section */

/* Begin PBXNativeTarget section */
		457BEC7B1C5E0D0D00B96F5C /* GuruCrafterApp */ = {
			isa = PBXNativeTarget;
			buildConfigurationList = 457BECA21C5E0D0D00B96F5C /* Build configuration list for PBXNativeTarget "GuruCrafterApp" */;
			buildPhases = (
				457BEC781C5E0D0D00B96F5C /* Sources */,
				457BEC791C5E0D0D00B96F5C /* Frameworks */,
				457BEC7A1C5E0D0D00B96F5C /* Resources */,
			);
			buildRules = (
			);
			dependencies = (
			);
			name = GuruCrafterApp;
			productName = GuruCrafterApp;
			productReference = 457BEC7C1C5E0D0D00B96F5C /* GuruCrafterApp.app */;
			productType = "com.apple.product-type.application";
		};
		457BEC971C5E0D0D00B96F5C /* GuruCrafterAppTests */ = {
			isa = PBXNativeTarget;
			buildConfigurationList = 457BECA51C5E0D0D00B96F5C /* Build configuration list for PBXNativeTarget "GuruCrafterAppTests" */;
			buildPhases = (
				457BEC941C5E0D0D00B96F5C /* Sources */,
				457BEC951C5E0D0D00B96F5C /* Frameworks */,
				457BEC961C5E0D0D00B96F5C /* Resources */,
			);
			buildRules = (
			);
			dependencies = (
				457BEC9A1C5E0D0D00B96F5C /* PBXTargetDependency */,
			);
			name = GuruCrafterAppTests;
			productName = GuruCrafterAppTests;
			productReference = 457BEC981C5E0D0D00B96F5C /* GuruCrafterAppTests.xctest */;
			productType = "com.apple.product-type.bundle.unit-test";
		};
/* End PBXNativeTarget section */

/* Begin PBXProject section */
		457BEC741C5E0D0D00B96F5C /* Project object */ = {
			isa = PBXProject;
			attributes = {
				LastUpgradeCheck = 0640;
				ORGANIZATIONNAME = "Artyom Alexeev";
				TargetAttributes = {
					457BEC7B1C5E0D0D00B96F5C = {
						CreatedOnToolsVersion = 6.4;
					};
					457BEC971C5E0D0D00B96F5C = {
						CreatedOnToolsVersion = 6.4;
						TestTargetID = 457BEC7B1C5E0D0D00B96F5C;
					};
				};
			};
			buildConfigurationList = 457BEC771C5E0D0D00B96F5C /* Build configuration list for PBXProject "GuruCrafterApp" */;
			compatibilityVersion = "Xcode 3.2";
			developmentRegion = English;
			hasScannedForEncodings = 0;
			knownRegions = (
				en,
				Base,
			);
			mainGroup = 457BEC731C5E0D0D00B96F5C;
			productRefGroup = 457BEC7D1C5E0D0D00B96F5C /* Products */;
			projectDirPath = "";
			projectRoot = "";
			targets = (
				457BEC7B1C5E0D0D00B96F5C /* GuruCrafterApp */,
				457BEC971C5E0D0D00B96F5C /* GuruCrafterAppTests */,
			);
		};
/* End PBXProject section */

/* Begin PBXResourcesBuildPhase section */
		457BEC7A1C5E0D0D00B96F5C /* Resources */ = {
			isa = PBXResourcesBuildPhase;
			buildActionMask = 2147483647;
			files = (
				457BEC8E1C5E0D0D00B96F5C /* Main.storyboard in Resources */,
				457BEC931C5E0D0D00B96F5C /* LaunchScreen.xib in Resources */,
				457BEC901C5E0D0D00B96F5C /* Images.xcassets in Resources */,
			);
			runOnlyForDeploymentPostprocessing = 0;
		};
		457BEC961C5E0D0D00B96F5C /* Resources */ = {
			isa = PBXResourcesBuildPhase;
			buildActionMask = 2147483647;
			files = (
			);
			runOnlyForDeploymentPostprocessing = 0;
		};
/* End PBXResourcesBuildPhase section */

/* Begin PBXSourcesBuildPhase section */
		457BEC781C5E0D0D00B96F5C /* Sources */ = {
			isa = PBXSourcesBuildPhase;
			buildActionMask = 2147483647;
			files = (
				457BEC851C5E0D0D00B96F5C /* ADAppDelegate.m in Sources */,
				457BEC821C5E0D0D00B96F5C /* main.m in Sources */,
				457BEC8B1C5E0D0D00B96F5C /* ADViewController.m in Sources */,
				457BEC881C5E0D0D00B96F5C /* GuruCrafterApp.xcdatamodeld in Sources */,
			);
			runOnlyForDeploymentPostprocessing = 0;
		};
		457BEC941C5E0D0D00B96F5C /* Sources */ = {
			isa = PBXSourcesBuildPhase;
			buildActionMask = 2147483647;
			files = (
				457BEC9F1C5E0D0D00B96F5C /* GuruCrafterAppTests.m in Sources */,
			);
			runOnlyForDeploymentPostprocessing = 0;
		};
/* End PBXSourcesBuildPhase section */

/* Begin PBXTargetDependency section */
		457BEC9A1C5E0D0D00B96F5C /* PBXTargetDependency */ = {
			isa = PBXTargetDependency;
			target = 457BEC7B1C5E0D0D00B96F5C /* GuruCrafterApp */;
			targetProxy = 457BEC991C5E0D0D00B96F5C /* PBXContainerItemProxy */;
		};
/* End PBXTargetDependency section */

/* Begin PBXVariantGroup section */
		457BEC8C1C5E0D0D00B96F5C /* Main.storyboard */ = {
			isa = PBXVariantGroup;
			children = (
				457BEC8D1C5E0D0D00B96F5C /* Base */,
			);
			name = Main.storyboard;
			sourceTree = "<group>";
		};
		457BEC911C5E0D0D00B96F5C /* LaunchScreen.xib */ = {
			isa = PBXVariantGroup;
			children = (
				457BEC921C5E0D0D00B96F5C /* Base */,
			);
			name = LaunchScreen.xib;
			sourceTree = "<group>";
		};
/* End PBXVariantGroup section */

/* Begin XCBuildConfiguration section */
		457BECA01C5E0D0D00B96F5C /* Debug */ = {
			isa = XCBuildConfiguration;
			buildSettings = {
				ALWAYS_SEARCH_USER_PATHS = NO;
				CLANG_CXX_LANGUAGE_STANDARD = "gnu++0x";
				CLANG_CXX_LIBRARY = "libc++";
				CLANG_ENABLE_MODULES = YES;
				CLANG_ENABLE_OBJC_ARC = YES;
				CLANG_WARN_BOOL_CONVERSION = YES;
				CLANG_WARN_CONSTANT_CONVERSION = YES;
				CLANG_WARN_DIRECT_OBJC_ISA_USAGE = YES_ERROR;
				CLANG_WARN_EMPTY_BODY = YES;
				CLANG_WARN_ENUM_CONVERSION = YES;
				CLANG_WARN_INT_CONVERSION = YES;
				CLANG_WARN_OBJC_ROOT_CLASS = YES_ERROR;
				CLANG_WARN_UNREACHABLE_CODE = YES;
				CLANG_WARN__DUPLICATE_METHOD_MATCH = YES;
				"CODE_SIGN_IDENTITY[sdk=iphoneos*]" = "iPhone Developer";
				COPY_PHASE_STRIP = NO;
				DEBUG_INFORMATION_FORMAT = "dwarf-with-dsym";
				ENABLE_STRICT_OBJC_MSGSEND = YES;
				GCC_C_LANGUAGE_STANDARD = gnu99;
				GCC_DYNAMIC_NO_PIC = NO;
				GCC_NO_COMMON_BLOCKS = YES;
				GCC_OPTIMIZATION_LEVEL = 0;
				GCC_PREPROCESSOR_DEFINITIONS = (
					"DEBUG=1",
					"$(inherited)",
				);
				GCC_SYMBOLS_PRIVATE_EXTERN = NO;
				GCC_WARN_64_TO_32_BIT_CONVERSION = YES;
				GCC_WARN_ABOUT_RETURN_TYPE = YES_ERROR;
				GCC_WARN_UNDECLARED_SELECTOR = YES;
				GCC_WARN_UNINITIALIZED_AUTOS = YES_AGGRESSIVE;
				GCC_WARN_UNUSED_FUNCTION = YES;
				GCC_WARN_UNUSED_VARIABLE = YES;
				IPHONEOS_DEPLOYMENT_TARGET = 8.4;
				MTL_ENABLE_DEBUG_INFO = YES;
				ONLY_ACTIVE_ARCH = YES;
				SDKROOT = iphoneos;
			};
			name = Debug;
		};
		457BECA11C5E0D0D00B96F5C /* Release */ = {
			isa = XCBuildConfiguration;
			buildSettings = {
				ALWAYS_SEARCH_USER_PATHS = NO;
				CLANG_CXX_LANGUAGE_STANDARD = "gnu++0x";
				CLANG_CXX_LIBRARY = "libc++";
				CLANG_ENABLE_MODULES = YES;
				CLANG_ENABLE_OBJC_ARC = YES;
				CLANG_WARN_BOOL_CONVERSION = YES;
				CLANG_WARN_CONSTANT_CONVERSION = YES;
				CLANG_WARN_DIRECT_OBJC_ISA_USAGE = YES_ERROR;
				CLANG_WARN_EMPTY_BODY = YES;
				CLANG_WARN_ENUM_CONVERSION = YES;
				CLANG_WARN_INT_CONVERSION = YES;
				CLANG_WARN_OBJC_ROOT_CLASS = YES_ERROR;
				CLANG_WARN_UNREACHABLE_CODE = YES;
				CLANG_WARN__DUPLICATE_METHOD_MATCH = YES;
				"CODE_SIGN_IDENTITY[sdk=iphoneos*]" = "iPhone Developer";
				COPY_PHASE_STRIP = NO;
				DEBUG_INFORMATION_FORMAT = "dwarf-with-dsym";
				ENABLE_NS_ASSERTIONS = NO;
				ENABLE_STRICT_OBJC_MSGSEND = YES;
				GCC_C_LANGUAGE_STANDARD = gnu99;
				GCC_NO_COMMON_BLOCKS = YES;
				GCC_WARN_64_TO_32_BIT_CONVERSION = YES;
				GCC_WARN_ABOUT_RETURN_TYPE = YES_ERROR;
				GCC_WARN_UNDECLARED_SELECTOR = YES;
				GCC_WARN_UNINITIALIZED_AUTOS = YES_AGGRESSIVE;
				GCC_WARN_UNUSED_FUNCTION = YES;
				GCC_WARN_UNUSED_VARIABLE = YES;
				IPHONEOS_DEPLOYMENT_TARGET = 8.4;
				MTL_ENABLE_DEBUG_INFO = NO;
				SDKROOT = iphoneos;
				VALIDATE_PRODUCT = YES;
			};
			name = Release;
		};
		457BECA31C5E0D0D00B96F5C /* Debug */ = {
			isa = XCBuildConfiguration;
			buildSettings = {
				ASSETCATALOG_COMPILER_APPICON_NAME = AppIcon;
				INFOPLIST_FILE = GuruCrafterApp/Info.plist;
				LD_RUNPATH_SEARCH_PATHS = "$(inherited) @executable_path/Frameworks";
				PRODUCT_NAME = "$(TARGET_NAME)";
			};
			name = Debug;
		};
		457BECA41C5E0D0D00B96F5C /* Release */ = {
			isa = XCBuildConfiguration;
			buildSettings = {
				ASSETCATALOG_COMPILER_APPICON_NAME = AppIcon;
				INFOPLIST_FILE = GuruCrafterApp/Info.plist;
				LD_RUNPATH_SEARCH_PATHS = "$(inherited) @executable_path/Frameworks";
				PRODUCT_NAME = "$(TARGET_NAME)";
			};
			name = Release;
		};
		457BECA61C5E0D0D00B96F5C /* Debug */ = {
			isa = XCBuildConfiguration;
			buildSettings = {
				BUNDLE_LOADER = "$(TEST_HOST)";
				FRAMEWORK_SEARCH_PATHS = (
					"$(SDKROOT)/Developer/Library/Frameworks",
					"$(inherited)",
				);
				GCC_PREPROCESSOR_DEFINITIONS = (
					"DEBUG=1",
					"$(inherited)",
				);
				INFOPLIST_FILE = GuruCrafterAppTests/Info.plist;
				LD_RUNPATH_SEARCH_PATHS = "$(inherited) @executable_path/Frameworks @loader_path/Frameworks";
				PRODUCT_NAME = "$(TARGET_NAME)";
				TEST_HOST = "$(BUILT_PRODUCTS_DIR)/GuruCrafterApp.app/GuruCrafterApp";
			};
			name = Debug;
		};
		457BECA71C5E0D0D00B96F5C /* Release */ = {
			isa = XCBuildConfiguration;
			buildSettings = {
				BUNDLE_LOADER = "$(TEST_HOST)";
				FRAMEWORK_SEARCH_PATHS = (
					"$(SDKROOT)/Developer/Library/Frameworks",
					"$(inherited)",
				);
				INFOPLIST_FILE = GuruCrafterAppTests/Info.plist;
				LD_RUNPATH_SEARCH_PATHS = "$(inherited) @executable_path/Frameworks @loader_path/Frameworks";
				PRODUCT_NAME = "$(TARGET_NAME)";
				TEST_HOST = "$(BUILT_PRODUCTS_DIR)/GuruCrafterApp.app/GuruCrafterApp";
			};
			name = Release;
		};
/* End XCBuildConfiguration section */

/* Begin XCConfigurationList section */
		457BEC771C5E0D0D00B96F5C /* Build configuration list for PBXProject "GuruCrafterApp" */ = {
			isa = XCConfigurationList;
			buildConfigurations = (
				457BECA01C5E0D0D00B96F5C /* Debug */,
				457BECA11C5E0D0D00B96F5C /* Release */,
			);
			defaultConfigurationIsVisible = 0;
			defaultConfigurationName = Release;
		};
		457BECA21C5E0D0D00B96F5C /* Build configuration list for PBXNativeTarget "GuruCrafterApp" */ = {
			isa = XCConfigurationList;
			buildConfigurations = (
				457BECA31C5E0D0D00B96F5C /* Debug */,
				457BECA41C5E0D0D00B96F5C /* Release */,
			);
			defaultConfigurationIsVisible = 0;
		};
		457BECA51C5E0D0D00B96F5C /* Build configuration list for PBXNativeTarget "GuruCrafterAppTests" */ = {
			isa = XCConfigurationList;
			buildConfigurations = (
				457BECA61C5E0D0D00B96F5C /* Debug */,
				457BECA71C5E0D0D00B96F5C /* Release */,
			);
			defaultConfigurationIsVisible = 0;
		};
/* End XCConfigurationList section */

/* Begin XCVersionGroup section */
		457BEC861C5E0D0D00B96F5C /* GuruCrafterApp.xcdatamodeld */ = {
			isa = XCVersionGroup;
			children = (
				457BEC871C5E0D0D00B96F5C /* GuruCrafterApp.xcdatamodel */,
			);
			currentVersion = 457BEC871C5E0D0D00B96F5C /* GuruCrafterApp.xcdatamodel */;
			path = GuruCrafterApp.xcdatamodeld;
			sourceTree = "<group>";
			versionGroupType = wrapper.xcdatamodel;
		};
/* End XCVersionGroup section */
	};
	rootObject = 457BEC741C5E0D0D00B96F5C /* Project object */;
}
